
Microsoft Visual Studio Solution File, Format Version 12.00
# Visual Studio Version 17
VisualStudioVersion = 17.6.33815.320
MinimumVisualStudioVersion = 10.0.40219.1
Project("{FAE04EC0-301F-11D3-BF4B-00C04F79EFBC}") = "TestP335", "TestP335\TestP335.csproj", "{B24E2302-38E7-46EA-BC28-32DA7E20C6C5}"
EndProject
Global
	GlobalSection(SolutionConfigurationPlatforms) = preSolution
		Debug|Any CPU = Debug|Any CPU
		Release|Any CPU = Release|Any CPU
	EndGlobalSection
	GlobalSection(ProjectConfigurationPlatforms) = postSolution
		{B24E2302-38E7-46EA-BC28-32DA7E20C6C5}.Debug|Any CPU.ActiveCfg = Debug|Any CPU
		{B24E2302-38E7-46EA-BC28-32DA7E20C6C5}.Debug|Any CPU.Build.0 = Debug|Any CPU
		{B24E2302-38E7-46EA-BC28-32DA7E20C6C5}.Release|Any CPU.ActiveCfg = Release|Any CPU
		{B24E2302-38E7-46EA-BC28-32DA7E20C6C5}.Release|Any CPU.Build.0 = Release|Any CPU
	EndGlobalSection
	GlobalSection(SolutionProperties) = preSolution
		HideSolutionNode = FALSE
	EndGlobalSection
	GlobalSection(ExtensibilityGlobals) = postSolution
		SolutionGuid = {8DE4B0A9-25FE-428E-ABF2-654A0C37BD2E}
	EndGlobalSection
EndGlobal
